
Microsoft Visual Studio Solution File, Format Version 12.00
# Visual Studio Version 17
VisualStudioVersion = 17.14.36202.13
MinimumVisualStudioVersion = 10.0.40219.1
Project("{FAE04EC0-301F-11D3-BF4B-00C04F79EFBC}") = "Lab-4", "Lab-4.csproj", "{B55976B0-365E-481E-8E01-73FD1E53C0BA}"
EndProject
Project("{FAE04EC0-301F-11D3-BF4B-00C04F79EFBC}") = "Lab-5", "..\Lab-5\Lab-5.csproj", "{308BD447-3F27-4A90-BDA2-05EA3BC0EFC7}"
EndProject
Global
	GlobalSection(SolutionConfigurationPlatforms) = preSolution
		Debug|Any CPU = Debug|Any CPU
		Release|Any CPU = Release|Any CPU
	EndGlobalSection
	GlobalSection(ProjectConfigurationPlatforms) = postSolution
		{B55976B0-365E-481E-8E01-73FD1E53C0BA}.Debug|Any CPU.ActiveCfg = Debug|Any CPU
		{B55976B0-365E-481E-8E01-73FD1E53C0BA}.Debug|Any CPU.Build.0 = Debug|Any CPU
		{B55976B0-365E-481E-8E01-73FD1E53C0BA}.Release|Any CPU.ActiveCfg = Release|Any CPU
		{B55976B0-365E-481E-8E01-73FD1E53C0BA}.Release|Any CPU.Build.0 = Release|Any CPU
		{308BD447-3F27-4A90-BDA2-05EA3BC0EFC7}.Debug|Any CPU.ActiveCfg = Debug|Any CPU
		{308BD447-3F27-4A90-BDA2-05EA3BC0EFC7}.Debug|Any CPU.Build.0 = Debug|Any CPU
		{308BD447-3F27-4A90-BDA2-05EA3BC0EFC7}.Release|Any CPU.ActiveCfg = Release|Any CPU
		{308BD447-3F27-4A90-BDA2-05EA3BC0EFC7}.Release|Any CPU.Build.0 = Release|Any CPU
	EndGlobalSection
	GlobalSection(SolutionProperties) = preSolution
		HideSolutionNode = FALSE
	EndGlobalSection
	GlobalSection(ExtensibilityGlobals) = postSolution
		SolutionGuid = {0F8D8CEC-8C02-443D-B997-E3897D3EB64C}
	EndGlobalSection
EndGlobal
